
Microsoft Visual Studio Solution File, Format Version 12.00
# Visual Studio Version 17
VisualStudioVersion = 17.2.32516.85
MinimumVisualStudioVersion = 10.0.40219.1
Project("{FAE04EC0-301F-11D3-BF4B-00C04F79EFBC}") = "RimRound", "RimRound.csproj", "{A3A6D912-43D0-47B9-8B10-4C33DC176F0D}"
EndProject
Project("{2150E333-8FDC-42A3-9474-1A3956D46DE8}") = "Solution Items", "Solution Items", "{5DEE67E5-ECAD-4A6F-9649-C99342B1BCDC}"
	ProjectSection(SolutionItems) = preProject
		.editorconfig = .editorconfig
	EndProjectSection
EndProject
Project("{9A19103F-16F7-4668-BE54-9A1E7A4F7556}") = "TestingRange", "..\TestingRange\TestingRange.csproj", "{E6CBD9B5-F67E-49C2-A8F8-B9A4B9BD0A8C}"
EndProject
Global
	GlobalSection(SolutionConfigurationPlatforms) = preSolution
		Debug|Any CPU = Debug|Any CPU
		Release|Any CPU = Release|Any CPU
	EndGlobalSection
	GlobalSection(ProjectConfigurationPlatforms) = postSolution
		{A3A6D912-43D0-47B9-8B10-4C33DC176F0D}.Debug|Any CPU.ActiveCfg = Debug|Any CPU
		{A3A6D912-43D0-47B9-8B10-4C33DC176F0D}.Debug|Any CPU.Build.0 = Debug|Any CPU
		{A3A6D912-43D0-47B9-8B10-4C33DC176F0D}.Release|Any CPU.ActiveCfg = Release|Any CPU
		{A3A6D912-43D0-47B9-8B10-4C33DC176F0D}.Release|Any CPU.Build.0 = Release|Any CPU
		{E6CBD9B5-F67E-49C2-A8F8-B9A4B9BD0A8C}.Debug|Any CPU.ActiveCfg = Debug|Any CPU
		{E6CBD9B5-F67E-49C2-A8F8-B9A4B9BD0A8C}.Debug|Any CPU.Build.0 = Debug|Any CPU
		{E6CBD9B5-F67E-49C2-A8F8-B9A4B9BD0A8C}.Release|Any CPU.ActiveCfg = Release|Any CPU
		{E6CBD9B5-F67E-49C2-A8F8-B9A4B9BD0A8C}.Release|Any CPU.Build.0 = Release|Any CPU
	EndGlobalSection
	GlobalSection(SolutionProperties) = preSolution
		HideSolutionNode = FALSE
	EndGlobalSection
	GlobalSection(ExtensibilityGlobals) = postSolution
		SolutionGuid = {78EB74BE-A64E-4524-980F-28632C29F3C6}
	EndGlobalSection
EndGlobal
